
Microsoft Visual Studio Solution File, Format Version 12.00
# Visual Studio Version 16
VisualStudioVersion = 16.0.32901.82
MinimumVisualStudioVersion = 10.0.40219.1
Project("{FAE04EC0-301F-11D3-BF4B-00C04F79EFBC}") = "itsense.Models", "itsense.Models\itsense.Models.csproj", "{B3C743C1-2F81-4E5D-BA29-76B36068F886}"
EndProject
Project("{FAE04EC0-301F-11D3-BF4B-00C04F79EFBC}") = "itsense.Data", "itsense.Data\itsense.Data.csproj", "{1B44BD13-8AEE-48AA-A3FA-C385024423BB}"
EndProject
Project("{FAE04EC0-301F-11D3-BF4B-00C04F79EFBC}") = "itsense.Api", "itsense.Api\itsense.Api.csproj", "{49CCAA1E-9E75-4B92-8FDC-AA8F12B901D3}"
EndProject
Project("{FAE04EC0-301F-11D3-BF4B-00C04F79EFBC}") = "itsense.ModelsDto", "itsense.ModelsDto\itsense.ModelsDto.csproj", "{B72D5649-98C8-4DC3-B847-74C37D5C6BA2}"
EndProject
Global
	GlobalSection(SolutionConfigurationPlatforms) = preSolution
		Debug|Any CPU = Debug|Any CPU
		Release|Any CPU = Release|Any CPU
	EndGlobalSection
	GlobalSection(ProjectConfigurationPlatforms) = postSolution
		{B3C743C1-2F81-4E5D-BA29-76B36068F886}.Debug|Any CPU.ActiveCfg = Debug|Any CPU
		{B3C743C1-2F81-4E5D-BA29-76B36068F886}.Debug|Any CPU.Build.0 = Debug|Any CPU
		{B3C743C1-2F81-4E5D-BA29-76B36068F886}.Release|Any CPU.ActiveCfg = Release|Any CPU
		{B3C743C1-2F81-4E5D-BA29-76B36068F886}.Release|Any CPU.Build.0 = Release|Any CPU
		{1B44BD13-8AEE-48AA-A3FA-C385024423BB}.Debug|Any CPU.ActiveCfg = Debug|Any CPU
		{1B44BD13-8AEE-48AA-A3FA-C385024423BB}.Debug|Any CPU.Build.0 = Debug|Any CPU
		{1B44BD13-8AEE-48AA-A3FA-C385024423BB}.Release|Any CPU.ActiveCfg = Release|Any CPU
		{1B44BD13-8AEE-48AA-A3FA-C385024423BB}.Release|Any CPU.Build.0 = Release|Any CPU
		{49CCAA1E-9E75-4B92-8FDC-AA8F12B901D3}.Debug|Any CPU.ActiveCfg = Debug|Any CPU
		{49CCAA1E-9E75-4B92-8FDC-AA8F12B901D3}.Debug|Any CPU.Build.0 = Debug|Any CPU
		{49CCAA1E-9E75-4B92-8FDC-AA8F12B901D3}.Release|Any CPU.ActiveCfg = Release|Any CPU
		{49CCAA1E-9E75-4B92-8FDC-AA8F12B901D3}.Release|Any CPU.Build.0 = Release|Any CPU
		{B72D5649-98C8-4DC3-B847-74C37D5C6BA2}.Debug|Any CPU.ActiveCfg = Debug|Any CPU
		{B72D5649-98C8-4DC3-B847-74C37D5C6BA2}.Debug|Any CPU.Build.0 = Debug|Any CPU
		{B72D5649-98C8-4DC3-B847-74C37D5C6BA2}.Release|Any CPU.ActiveCfg = Release|Any CPU
		{B72D5649-98C8-4DC3-B847-74C37D5C6BA2}.Release|Any CPU.Build.0 = Release|Any CPU
	EndGlobalSection
	GlobalSection(SolutionProperties) = preSolution
		HideSolutionNode = FALSE
	EndGlobalSection
	GlobalSection(ExtensibilityGlobals) = postSolution
		SolutionGuid = {AB435E99-6425-4DBD-8BB5-85AA1C56F2A3}
	EndGlobalSection
EndGlobal
